
Microsoft Visual Studio Solution File, Format Version 12.00
# Visual Studio Version 16
VisualStudioVersion = 16.0.30204.135
MinimumVisualStudioVersion = 10.0.40219.1
Project("{8BC9CEB8-8B4A-11D0-8D11-00A0C91BC942}") = "KeyboardMouseTest", "KeyboardMouseTest.vcxproj", "{C7F788FF-A37E-447D-AF76-5B757DA75C68}"
EndProject
Global
	GlobalSection(SolutionConfigurationPlatforms) = preSolution
		Debug|x64 = Debug|x64
		Debug|x86 = Debug|x86
		Release|x64 = Release|x64
		Release|x86 = Release|x86
	EndGlobalSection
	GlobalSection(ProjectConfigurationPlatforms) = postSolution
		{C7F788FF-A37E-447D-AF76-5B757DA75C68}.Debug|x64.ActiveCfg = Debug|x64
		{C7F788FF-A37E-447D-AF76-5B757DA75C68}.Debug|x64.Build.0 = Debug|x64
		{C7F788FF-A37E-447D-AF76-5B757DA75C68}.Debug|x86.ActiveCfg = Debug|Win32
		{C7F788FF-A37E-447D-AF76-5B757DA75C68}.Debug|x86.Build.0 = Debug|Win32
		{C7F788FF-A37E-447D-AF76-5B757DA75C68}.Release|x64.ActiveCfg = Release|x64
		{C7F788FF-A37E-447D-AF76-5B757DA75C68}.Release|x64.Build.0 = Release|x64
		{C7F788FF-A37E-447D-AF76-5B757DA75C68}.Release|x86.ActiveCfg = Release|Win32
		{C7F788FF-A37E-447D-AF76-5B757DA75C68}.Release|x86.Build.0 = Release|Win32
	EndGlobalSection
	GlobalSection(SolutionProperties) = preSolution
		HideSolutionNode = FALSE
	EndGlobalSection
	GlobalSection(ExtensibilityGlobals) = postSolution
		SolutionGuid = {8D0967BE-D735-4DCF-A82A-3325680CF2BA}
	EndGlobalSection
EndGlobal
