
Microsoft Visual Studio Solution File, Format Version 12.00
# Visual Studio Version 16
VisualStudioVersion = 16.0.31507.150
MinimumVisualStudioVersion = 10.0.40219.1
Project("{8BC9CEB8-8B4A-11D0-8D11-00A0C91BC942}") = "TextTest", "TextTest.vcxproj", "{3536C22F-E901-4C16-BB2F-7F2EFDD8EC41}"
EndProject
Global
	GlobalSection(SolutionConfigurationPlatforms) = preSolution
		Debug|x64 = Debug|x64
		Debug|x86 = Debug|x86
		Release|x64 = Release|x64
		Release|x86 = Release|x86
	EndGlobalSection
	GlobalSection(ProjectConfigurationPlatforms) = postSolution
		{3536C22F-E901-4C16-BB2F-7F2EFDD8EC41}.Debug|x64.ActiveCfg = Debug|x64
		{3536C22F-E901-4C16-BB2F-7F2EFDD8EC41}.Debug|x64.Build.0 = Debug|x64
		{3536C22F-E901-4C16-BB2F-7F2EFDD8EC41}.Debug|x86.ActiveCfg = Debug|Win32
		{3536C22F-E901-4C16-BB2F-7F2EFDD8EC41}.Debug|x86.Build.0 = Debug|Win32
		{3536C22F-E901-4C16-BB2F-7F2EFDD8EC41}.Release|x64.ActiveCfg = Release|x64
		{3536C22F-E901-4C16-BB2F-7F2EFDD8EC41}.Release|x64.Build.0 = Release|x64
		{3536C22F-E901-4C16-BB2F-7F2EFDD8EC41}.Release|x86.ActiveCfg = Release|Win32
		{3536C22F-E901-4C16-BB2F-7F2EFDD8EC41}.Release|x86.Build.0 = Release|Win32
	EndGlobalSection
	GlobalSection(SolutionProperties) = preSolution
		HideSolutionNode = FALSE
	EndGlobalSection
	GlobalSection(ExtensibilityGlobals) = postSolution
		SolutionGuid = {F52154C3-7032-45C9-ACE6-B0F33E2162EF}
	EndGlobalSection
EndGlobal
