
Microsoft Visual Studio Solution File, Format Version 12.00
# Visual Studio Version 16
VisualStudioVersion = 12.0.31101.0
MinimumVisualStudioVersion = 10.0.40219.1
Project("{8BC9CEB8-8B4A-11D0-8D11-00A0C91BC942}") = "PrimitiveBatchTest", "PrimitiveBatchTest.vcxproj", "{2F8992DB-2C8D-4723-AAD4-FF6B0D31665C}"
EndProject
Global
	GlobalSection(SolutionConfigurationPlatforms) = preSolution
		Debug|Win32 = Debug|Win32
		Debug|x64 = Debug|x64
		Release|Win32 = Release|Win32
		Release|x64 = Release|x64
	EndGlobalSection
	GlobalSection(ProjectConfigurationPlatforms) = postSolution
		{2F8992DB-2C8D-4723-AAD4-FF6B0D31665C}.Debug|Win32.ActiveCfg = Debug|Win32
		{2F8992DB-2C8D-4723-AAD4-FF6B0D31665C}.Debug|Win32.Build.0 = Debug|Win32
		{2F8992DB-2C8D-4723-AAD4-FF6B0D31665C}.Debug|x64.ActiveCfg = Debug|x64
		{2F8992DB-2C8D-4723-AAD4-FF6B0D31665C}.Debug|x64.Build.0 = Debug|x64
		{2F8992DB-2C8D-4723-AAD4-FF6B0D31665C}.Release|Win32.ActiveCfg = Release|Win32
		{2F8992DB-2C8D-4723-AAD4-FF6B0D31665C}.Release|Win32.Build.0 = Release|Win32
		{2F8992DB-2C8D-4723-AAD4-FF6B0D31665C}.Release|x64.ActiveCfg = Release|x64
		{2F8992DB-2C8D-4723-AAD4-FF6B0D31665C}.Release|x64.Build.0 = Release|x64
	EndGlobalSection
	GlobalSection(SolutionProperties) = preSolution
		HideSolutionNode = FALSE
	EndGlobalSection
EndGlobal
