
Microsoft Visual Studio Solution File, Format Version 12.00
# Visual Studio Version 16
VisualStudioVersion = 16.0.31624.102
MinimumVisualStudioVersion = 10.0.40219.1
Project("{8BC9CEB8-8B4A-11D0-8D11-00A0C91BC942}") = "SkyboxTest12", "SkyboxTest12.vcxproj", "{1ED50782-BFC5-4820-918A-22168A45FD85}"
EndProject
Global
	GlobalSection(SolutionConfigurationPlatforms) = preSolution
		Debug|x64 = Debug|x64
		Debug|x86 = Debug|x86
		Release|x64 = Release|x64
		Release|x86 = Release|x86
	EndGlobalSection
	GlobalSection(ProjectConfigurationPlatforms) = postSolution
		{1ED50782-BFC5-4820-918A-22168A45FD85}.Debug|x64.ActiveCfg = Debug|x64
		{1ED50782-BFC5-4820-918A-22168A45FD85}.Debug|x64.Build.0 = Debug|x64
		{1ED50782-BFC5-4820-918A-22168A45FD85}.Debug|x86.ActiveCfg = Debug|Win32
		{1ED50782-BFC5-4820-918A-22168A45FD85}.Debug|x86.Build.0 = Debug|Win32
		{1ED50782-BFC5-4820-918A-22168A45FD85}.Release|x64.ActiveCfg = Release|x64
		{1ED50782-BFC5-4820-918A-22168A45FD85}.Release|x64.Build.0 = Release|x64
		{1ED50782-BFC5-4820-918A-22168A45FD85}.Release|x86.ActiveCfg = Release|Win32
		{1ED50782-BFC5-4820-918A-22168A45FD85}.Release|x86.Build.0 = Release|Win32
	EndGlobalSection
	GlobalSection(SolutionProperties) = preSolution
		HideSolutionNode = FALSE
	EndGlobalSection
	GlobalSection(ExtensibilityGlobals) = postSolution
		SolutionGuid = {B83A08C2-955E-4790-8CBD-4EDCA4B49319}
	EndGlobalSection
EndGlobal
